
Microsoft Visual Studio Solution File, Format Version 12.00
# Visual Studio Version 16
VisualStudioVersion = 16.0.30717.126
MinimumVisualStudioVersion = 10.0.40219.1
Project("{FAE04EC0-301F-11D3-BF4B-00C04F79EFBC}") = "kropotova_lab", "kropotova_lab\kropotova_lab.csproj", "{0C7BC4E8-2426-4BAB-A918-57CCAFCE7E2E}"
EndProject
Global
	GlobalSection(SolutionConfigurationPlatforms) = preSolution
		Debug|Any CPU = Debug|Any CPU
		Release|Any CPU = Release|Any CPU
	EndGlobalSection
	GlobalSection(ProjectConfigurationPlatforms) = postSolution
		{0C7BC4E8-2426-4BAB-A918-57CCAFCE7E2E}.Debug|Any CPU.ActiveCfg = Debug|Any CPU
		{0C7BC4E8-2426-4BAB-A918-57CCAFCE7E2E}.Debug|Any CPU.Build.0 = Debug|Any CPU
		{0C7BC4E8-2426-4BAB-A918-57CCAFCE7E2E}.Release|Any CPU.ActiveCfg = Release|Any CPU
		{0C7BC4E8-2426-4BAB-A918-57CCAFCE7E2E}.Release|Any CPU.Build.0 = Release|Any CPU
	EndGlobalSection
	GlobalSection(SolutionProperties) = preSolution
		HideSolutionNode = FALSE
	EndGlobalSection
	GlobalSection(ExtensibilityGlobals) = postSolution
		SolutionGuid = {BA1BB2D9-61CA-4DA1-9B1F-BB4F8615653D}
	EndGlobalSection
EndGlobal
